
Microsoft Visual Studio Solution File, Format Version 12.00
# Visual Studio 15
VisualStudioVersion = 15.0.28307.1433
MinimumVisualStudioVersion = 10.0.40219.1
Project("{FAE04EC0-301F-11D3-BF4B-00C04F79EFBC}") = "P072G3A_FuncTest", "P072G3A_FuncTest\P072G3A_FuncTest.csproj", "{FA901B2A-8DBD-4752-8D38-76E44EAF7715}"
EndProject
Project("{FAE04EC0-301F-11D3-BF4B-00C04F79EFBC}") = "CommonLibrary", "CommonLibrary\CommonLibrary.csproj", "{6039EB30-CC34-40DF-A92D-F32ADB3F36D7}"
EndProject
Project("{FAE04EC0-301F-11D3-BF4B-00C04F79EFBC}") = "System.ToolKit", "System.ToolKit\System.ToolKit.csproj", "{EF59B053-6939-4338-BB28-6CC2030BC0E1}"
EndProject
Project("{FAE04EC0-301F-11D3-BF4B-00C04F79EFBC}") = "Motion.AdlinkAps", "System.Motion\AdlinkAps\Motion.AdlinkAps.csproj", "{4E5618BE-0EE1-4760-B939-893A31EFDF8F}"
EndProject
Project("{FAE04EC0-301F-11D3-BF4B-00C04F79EFBC}") = "Motion.AdlinkDash", "System.Motion\AdlinkDash\Motion.AdlinkDash.csproj", "{16D0B02C-7859-44AA-B07D-705BF8F22B8C}"
EndProject
Project("{FAE04EC0-301F-11D3-BF4B-00C04F79EFBC}") = "Motion.Enginee", "System.Motion\Enginee\Motion.Enginee.csproj", "{BF2FB01D-3D28-42F1-907E-7DE72433784F}"
EndProject
Project("{FAE04EC0-301F-11D3-BF4B-00C04F79EFBC}") = "Motion.Interfaces", "System.Motion\Interfaces\Motion.Interfaces.csproj", "{E87BBF52-F612-40BB-AD3D-D6A20FD635B1}"
EndProject
Project("{2150E333-8FDC-42A3-9474-1A3956D46DE8}") = "System.Motion", "System.Motion", "{FFBA3F38-62FF-4C6D-B5AA-C7D3ED85A152}"
EndProject
Project("{2150E333-8FDC-42A3-9474-1A3956D46DE8}") = "Framework", "Framework", "{99D0FD0F-75B6-4A89-8DA3-55366D283E85}"
EndProject
Project("{FAE04EC0-301F-11D3-BF4B-00C04F79EFBC}") = "System.Crosscutting", "Framework\System.Crosscutting\System.Crosscutting.csproj", "{207C5B72-0E68-4BB5-8449-F8AABC3A5AE6}"
EndProject
Project("{FAE04EC0-301F-11D3-BF4B-00C04F79EFBC}") = "System.Domain", "Framework\System.Domain\System.Domain.csproj", "{2DB22CFB-9121-42AC-8915-F2BD5FAD50E8}"
EndProject
Project("{FAE04EC0-301F-11D3-BF4B-00C04F79EFBC}") = "System.Patterns", "Framework\System.Patterns\System.Patterns.csproj", "{1E64450C-0DE5-404C-9D68-D084302EEC1A}"
EndProject
Project("{FAE04EC0-301F-11D3-BF4B-00C04F79EFBC}") = "System.Platform", "Framework\System.Platform\System.Platform.csproj", "{27B67DFE-0BF1-4435-B036-E4C083EAEA03}"
EndProject
Global
	GlobalSection(SolutionConfigurationPlatforms) = preSolution
		Debug|Any CPU = Debug|Any CPU
		Debug|x64 = Debug|x64
		Release|Any CPU = Release|Any CPU
		Release|x64 = Release|x64
	EndGlobalSection
	GlobalSection(ProjectConfigurationPlatforms) = postSolution
		{FA901B2A-8DBD-4752-8D38-76E44EAF7715}.Debug|Any CPU.ActiveCfg = Debug|Any CPU
		{FA901B2A-8DBD-4752-8D38-76E44EAF7715}.Debug|Any CPU.Build.0 = Debug|Any CPU
		{FA901B2A-8DBD-4752-8D38-76E44EAF7715}.Debug|x64.ActiveCfg = Debug|x64
		{FA901B2A-8DBD-4752-8D38-76E44EAF7715}.Debug|x64.Build.0 = Debug|x64
		{FA901B2A-8DBD-4752-8D38-76E44EAF7715}.Release|Any CPU.ActiveCfg = Release|Any CPU
		{FA901B2A-8DBD-4752-8D38-76E44EAF7715}.Release|Any CPU.Build.0 = Release|Any CPU
		{FA901B2A-8DBD-4752-8D38-76E44EAF7715}.Release|x64.ActiveCfg = Release|x64
		{FA901B2A-8DBD-4752-8D38-76E44EAF7715}.Release|x64.Build.0 = Release|x64
		{6039EB30-CC34-40DF-A92D-F32ADB3F36D7}.Debug|Any CPU.ActiveCfg = Debug|Any CPU
		{6039EB30-CC34-40DF-A92D-F32ADB3F36D7}.Debug|Any CPU.Build.0 = Debug|Any CPU
		{6039EB30-CC34-40DF-A92D-F32ADB3F36D7}.Debug|x64.ActiveCfg = Debug|x64
		{6039EB30-CC34-40DF-A92D-F32ADB3F36D7}.Debug|x64.Build.0 = Debug|x64
		{6039EB30-CC34-40DF-A92D-F32ADB3F36D7}.Release|Any CPU.ActiveCfg = Release|Any CPU
		{6039EB30-CC34-40DF-A92D-F32ADB3F36D7}.Release|Any CPU.Build.0 = Release|Any CPU
		{6039EB30-CC34-40DF-A92D-F32ADB3F36D7}.Release|x64.ActiveCfg = Release|x64
		{6039EB30-CC34-40DF-A92D-F32ADB3F36D7}.Release|x64.Build.0 = Release|x64
		{EF59B053-6939-4338-BB28-6CC2030BC0E1}.Debug|Any CPU.ActiveCfg = Debug|Any CPU
		{EF59B053-6939-4338-BB28-6CC2030BC0E1}.Debug|Any CPU.Build.0 = Debug|Any CPU
		{EF59B053-6939-4338-BB28-6CC2030BC0E1}.Debug|x64.ActiveCfg = Debug|x64
		{EF59B053-6939-4338-BB28-6CC2030BC0E1}.Debug|x64.Build.0 = Debug|x64
		{EF59B053-6939-4338-BB28-6CC2030BC0E1}.Release|Any CPU.ActiveCfg = Release|Any CPU
		{EF59B053-6939-4338-BB28-6CC2030BC0E1}.Release|Any CPU.Build.0 = Release|Any CPU
		{EF59B053-6939-4338-BB28-6CC2030BC0E1}.Release|x64.ActiveCfg = Release|x64
		{EF59B053-6939-4338-BB28-6CC2030BC0E1}.Release|x64.Build.0 = Release|x64
		{4E5618BE-0EE1-4760-B939-893A31EFDF8F}.Debug|Any CPU.ActiveCfg = Debug|Any CPU
		{4E5618BE-0EE1-4760-B939-893A31EFDF8F}.Debug|Any CPU.Build.0 = Debug|Any CPU
		{4E5618BE-0EE1-4760-B939-893A31EFDF8F}.Debug|x64.ActiveCfg = Debug|x64
		{4E5618BE-0EE1-4760-B939-893A31EFDF8F}.Debug|x64.Build.0 = Debug|x64
		{4E5618BE-0EE1-4760-B939-893A31EFDF8F}.Release|Any CPU.ActiveCfg = Release|Any CPU
		{4E5618BE-0EE1-4760-B939-893A31EFDF8F}.Release|Any CPU.Build.0 = Release|Any CPU
		{4E5618BE-0EE1-4760-B939-893A31EFDF8F}.Release|x64.ActiveCfg = Release|x64
		{4E5618BE-0EE1-4760-B939-893A31EFDF8F}.Release|x64.Build.0 = Release|x64
		{16D0B02C-7859-44AA-B07D-705BF8F22B8C}.Debug|Any CPU.ActiveCfg = Debug|Any CPU
		{16D0B02C-7859-44AA-B07D-705BF8F22B8C}.Debug|Any CPU.Build.0 = Debug|Any CPU
		{16D0B02C-7859-44AA-B07D-705BF8F22B8C}.Debug|x64.ActiveCfg = Debug|x64
		{16D0B02C-7859-44AA-B07D-705BF8F22B8C}.Debug|x64.Build.0 = Debug|x64
		{16D0B02C-7859-44AA-B07D-705BF8F22B8C}.Release|Any CPU.ActiveCfg = Release|Any CPU
		{16D0B02C-7859-44AA-B07D-705BF8F22B8C}.Release|Any CPU.Build.0 = Release|Any CPU
		{16D0B02C-7859-44AA-B07D-705BF8F22B8C}.Release|x64.ActiveCfg = Release|x64
		{16D0B02C-7859-44AA-B07D-705BF8F22B8C}.Release|x64.Build.0 = Release|x64
		{BF2FB01D-3D28-42F1-907E-7DE72433784F}.Debug|Any CPU.ActiveCfg = Debug|Any CPU
		{BF2FB01D-3D28-42F1-907E-7DE72433784F}.Debug|Any CPU.Build.0 = Debug|Any CPU
		{BF2FB01D-3D28-42F1-907E-7DE72433784F}.Debug|x64.ActiveCfg = Debug|x64
		{BF2FB01D-3D28-42F1-907E-7DE72433784F}.Debug|x64.Build.0 = Debug|x64
		{BF2FB01D-3D28-42F1-907E-7DE72433784F}.Release|Any CPU.ActiveCfg = Release|Any CPU
		{BF2FB01D-3D28-42F1-907E-7DE72433784F}.Release|Any CPU.Build.0 = Release|Any CPU
		{BF2FB01D-3D28-42F1-907E-7DE72433784F}.Release|x64.ActiveCfg = Release|x64
		{BF2FB01D-3D28-42F1-907E-7DE72433784F}.Release|x64.Build.0 = Release|x64
		{E87BBF52-F612-40BB-AD3D-D6A20FD635B1}.Debug|Any CPU.ActiveCfg = Debug|Any CPU
		{E87BBF52-F612-40BB-AD3D-D6A20FD635B1}.Debug|Any CPU.Build.0 = Debug|Any CPU
		{E87BBF52-F612-40BB-AD3D-D6A20FD635B1}.Debug|x64.ActiveCfg = Debug|x64
		{E87BBF52-F612-40BB-AD3D-D6A20FD635B1}.Debug|x64.Build.0 = Debug|x64
		{E87BBF52-F612-40BB-AD3D-D6A20FD635B1}.Release|Any CPU.ActiveCfg = Release|Any CPU
		{E87BBF52-F612-40BB-AD3D-D6A20FD635B1}.Release|Any CPU.Build.0 = Release|Any CPU
		{E87BBF52-F612-40BB-AD3D-D6A20FD635B1}.Release|x64.ActiveCfg = Release|x64
		{E87BBF52-F612-40BB-AD3D-D6A20FD635B1}.Release|x64.Build.0 = Release|x64
		{207C5B72-0E68-4BB5-8449-F8AABC3A5AE6}.Debug|Any CPU.ActiveCfg = Debug|Any CPU
		{207C5B72-0E68-4BB5-8449-F8AABC3A5AE6}.Debug|Any CPU.Build.0 = Debug|Any CPU
		{207C5B72-0E68-4BB5-8449-F8AABC3A5AE6}.Debug|x64.ActiveCfg = Debug|x64
		{207C5B72-0E68-4BB5-8449-F8AABC3A5AE6}.Debug|x64.Build.0 = Debug|x64
		{207C5B72-0E68-4BB5-8449-F8AABC3A5AE6}.Release|Any CPU.ActiveCfg = Release|Any CPU
		{207C5B72-0E68-4BB5-8449-F8AABC3A5AE6}.Release|Any CPU.Build.0 = Release|Any CPU
		{207C5B72-0E68-4BB5-8449-F8AABC3A5AE6}.Release|x64.ActiveCfg = Release|x64
		{207C5B72-0E68-4BB5-8449-F8AABC3A5AE6}.Release|x64.Build.0 = Release|x64
		{2DB22CFB-9121-42AC-8915-F2BD5FAD50E8}.Debug|Any CPU.ActiveCfg = Debug|Any CPU
		{2DB22CFB-9121-42AC-8915-F2BD5FAD50E8}.Debug|Any CPU.Build.0 = Debug|Any CPU
		{2DB22CFB-9121-42AC-8915-F2BD5FAD50E8}.Debug|x64.ActiveCfg = Debug|x64
		{2DB22CFB-9121-42AC-8915-F2BD5FAD50E8}.Debug|x64.Build.0 = Debug|x64
		{2DB22CFB-9121-42AC-8915-F2BD5FAD50E8}.Release|Any CPU.ActiveCfg = Release|Any CPU
		{2DB22CFB-9121-42AC-8915-F2BD5FAD50E8}.Release|Any CPU.Build.0 = Release|Any CPU
		{2DB22CFB-9121-42AC-8915-F2BD5FAD50E8}.Release|x64.ActiveCfg = Release|x64
		{2DB22CFB-9121-42AC-8915-F2BD5FAD50E8}.Release|x64.Build.0 = Release|x64
		{1E64450C-0DE5-404C-9D68-D084302EEC1A}.Debug|Any CPU.ActiveCfg = Debug|Any CPU
		{1E64450C-0DE5-404C-9D68-D084302EEC1A}.Debug|Any CPU.Build.0 = Debug|Any CPU
		{1E64450C-0DE5-404C-9D68-D084302EEC1A}.Debug|x64.ActiveCfg = Debug|x64
		{1E64450C-0DE5-404C-9D68-D084302EEC1A}.Debug|x64.Build.0 = Debug|x64
		{1E64450C-0DE5-404C-9D68-D084302EEC1A}.Release|Any CPU.ActiveCfg = Release|Any CPU
		{1E64450C-0DE5-404C-9D68-D084302EEC1A}.Release|Any CPU.Build.0 = Release|Any CPU
		{1E64450C-0DE5-404C-9D68-D084302EEC1A}.Release|x64.ActiveCfg = Release|x64
		{1E64450C-0DE5-404C-9D68-D084302EEC1A}.Release|x64.Build.0 = Release|x64
		{27B67DFE-0BF1-4435-B036-E4C083EAEA03}.Debug|Any CPU.ActiveCfg = Debug|Any CPU
		{27B67DFE-0BF1-4435-B036-E4C083EAEA03}.Debug|Any CPU.Build.0 = Debug|Any CPU
		{27B67DFE-0BF1-4435-B036-E4C083EAEA03}.Debug|x64.ActiveCfg = Debug|x64
		{27B67DFE-0BF1-4435-B036-E4C083EAEA03}.Debug|x64.Build.0 = Debug|x64
		{27B67DFE-0BF1-4435-B036-E4C083EAEA03}.Release|Any CPU.ActiveCfg = Release|Any CPU
		{27B67DFE-0BF1-4435-B036-E4C083EAEA03}.Release|Any CPU.Build.0 = Release|Any CPU
		{27B67DFE-0BF1-4435-B036-E4C083EAEA03}.Release|x64.ActiveCfg = Release|x64
		{27B67DFE-0BF1-4435-B036-E4C083EAEA03}.Release|x64.Build.0 = Release|x64
	EndGlobalSection
	GlobalSection(SolutionProperties) = preSolution
		HideSolutionNode = FALSE
	EndGlobalSection
	GlobalSection(NestedProjects) = preSolution
		{4E5618BE-0EE1-4760-B939-893A31EFDF8F} = {FFBA3F38-62FF-4C6D-B5AA-C7D3ED85A152}
		{16D0B02C-7859-44AA-B07D-705BF8F22B8C} = {FFBA3F38-62FF-4C6D-B5AA-C7D3ED85A152}
		{BF2FB01D-3D28-42F1-907E-7DE72433784F} = {FFBA3F38-62FF-4C6D-B5AA-C7D3ED85A152}
		{E87BBF52-F612-40BB-AD3D-D6A20FD635B1} = {FFBA3F38-62FF-4C6D-B5AA-C7D3ED85A152}
		{207C5B72-0E68-4BB5-8449-F8AABC3A5AE6} = {99D0FD0F-75B6-4A89-8DA3-55366D283E85}
		{2DB22CFB-9121-42AC-8915-F2BD5FAD50E8} = {99D0FD0F-75B6-4A89-8DA3-55366D283E85}
		{1E64450C-0DE5-404C-9D68-D084302EEC1A} = {99D0FD0F-75B6-4A89-8DA3-55366D283E85}
		{27B67DFE-0BF1-4435-B036-E4C083EAEA03} = {99D0FD0F-75B6-4A89-8DA3-55366D283E85}
	EndGlobalSection
	GlobalSection(ExtensibilityGlobals) = postSolution
		SolutionGuid = {E195D55F-4F64-4D12-86B9-B290186E1217}
	EndGlobalSection
EndGlobal
